
Microsoft Visual Studio Solution File, Format Version 12.00
# Visual Studio 15
VisualStudioVersion = 15.0.26730.16
MinimumVisualStudioVersion = 10.0.40219.1
Project("{FAE04EC0-301F-11D3-BF4B-00C04F79EFBC}") = "Surveys.Core", "Surveys.Core\Surveys.Core.csproj", "{EEC551AB-27F5-4502-A62F-90A38C7332FE}"
EndProject
Project("{FAE04EC0-301F-11D3-BF4B-00C04F79EFBC}") = "Surveys.Droid", "Surveys.Droid\Surveys.Droid.csproj", "{AF97777A-7A75-4ADB-9E17-A52739030915}"
EndProject
Project("{FAE04EC0-301F-11D3-BF4B-00C04F79EFBC}") = "Surveys.iOS", "Surveys.iOS\Surveys.iOS.csproj", "{C7949A4A-7FD4-4F88-A65C-DC7A1D644B67}"
EndProject
Project("{FAE04EC0-301F-11D3-BF4B-00C04F79EFBC}") = "Surveys.Web", "Surveys.Web\Surveys.Web.csproj", "{16CEF33E-0B6A-4329-8F72-8BE88008E3AB}"
EndProject
Project("{FAE04EC0-301F-11D3-BF4B-00C04F79EFBC}") = "Surveys.Web.Tests", "Surveys.Web.Tests\Surveys.Web.Tests.csproj", "{FBA09F5B-DF1B-406C-BB9C-D32FD8EE2E21}"
EndProject
Project("{FAE04EC0-301F-11D3-BF4B-00C04F79EFBC}") = "Surveys.Entities", "Surveys.Entities\Surveys.Entities.csproj", "{2FD1818D-0F85-4FA1-A4FF-4397E07C7F69}"
EndProject
Project("{FAE04EC0-301F-11D3-BF4B-00C04F79EFBC}") = "Surveys.Web.DAL.SqlServer", "Surveys.Web.DAL.SqlServer\Surveys.Web.DAL.SqlServer.csproj", "{CF4F62C5-2CA9-497F-944E-3393430B1F83}"
EndProject
Global
	GlobalSection(SolutionConfigurationPlatforms) = preSolution
		Ad-Hoc|Any CPU = Ad-Hoc|Any CPU
		Ad-Hoc|iPhone = Ad-Hoc|iPhone
		Ad-Hoc|iPhoneSimulator = Ad-Hoc|iPhoneSimulator
		AppStore|Any CPU = AppStore|Any CPU
		AppStore|iPhone = AppStore|iPhone
		AppStore|iPhoneSimulator = AppStore|iPhoneSimulator
		Debug|Any CPU = Debug|Any CPU
		Debug|iPhone = Debug|iPhone
		Debug|iPhoneSimulator = Debug|iPhoneSimulator
		Release|Any CPU = Release|Any CPU
		Release|iPhone = Release|iPhone
		Release|iPhoneSimulator = Release|iPhoneSimulator
	EndGlobalSection
	GlobalSection(ProjectConfigurationPlatforms) = postSolution
		{EEC551AB-27F5-4502-A62F-90A38C7332FE}.Ad-Hoc|Any CPU.ActiveCfg = Release|Any CPU
		{EEC551AB-27F5-4502-A62F-90A38C7332FE}.Ad-Hoc|Any CPU.Build.0 = Release|Any CPU
		{EEC551AB-27F5-4502-A62F-90A38C7332FE}.Ad-Hoc|iPhone.ActiveCfg = Release|Any CPU
		{EEC551AB-27F5-4502-A62F-90A38C7332FE}.Ad-Hoc|iPhone.Build.0 = Release|Any CPU
		{EEC551AB-27F5-4502-A62F-90A38C7332FE}.Ad-Hoc|iPhoneSimulator.ActiveCfg = Release|Any CPU
		{EEC551AB-27F5-4502-A62F-90A38C7332FE}.Ad-Hoc|iPhoneSimulator.Build.0 = Release|Any CPU
		{EEC551AB-27F5-4502-A62F-90A38C7332FE}.AppStore|Any CPU.ActiveCfg = Release|Any CPU
		{EEC551AB-27F5-4502-A62F-90A38C7332FE}.AppStore|Any CPU.Build.0 = Release|Any CPU
		{EEC551AB-27F5-4502-A62F-90A38C7332FE}.AppStore|iPhone.ActiveCfg = Release|Any CPU
		{EEC551AB-27F5-4502-A62F-90A38C7332FE}.AppStore|iPhone.Build.0 = Release|Any CPU
		{EEC551AB-27F5-4502-A62F-90A38C7332FE}.AppStore|iPhoneSimulator.ActiveCfg = Release|Any CPU
		{EEC551AB-27F5-4502-A62F-90A38C7332FE}.AppStore|iPhoneSimulator.Build.0 = Release|Any CPU
		{EEC551AB-27F5-4502-A62F-90A38C7332FE}.Debug|Any CPU.ActiveCfg = Debug|Any CPU
		{EEC551AB-27F5-4502-A62F-90A38C7332FE}.Debug|Any CPU.Build.0 = Debug|Any CPU
		{EEC551AB-27F5-4502-A62F-90A38C7332FE}.Debug|iPhone.ActiveCfg = Debug|Any CPU
		{EEC551AB-27F5-4502-A62F-90A38C7332FE}.Debug|iPhone.Build.0 = Debug|Any CPU
		{EEC551AB-27F5-4502-A62F-90A38C7332FE}.Debug|iPhoneSimulator.ActiveCfg = Debug|Any CPU
		{EEC551AB-27F5-4502-A62F-90A38C7332FE}.Debug|iPhoneSimulator.Build.0 = Debug|Any CPU
		{EEC551AB-27F5-4502-A62F-90A38C7332FE}.Release|Any CPU.ActiveCfg = Release|Any CPU
		{EEC551AB-27F5-4502-A62F-90A38C7332FE}.Release|Any CPU.Build.0 = Release|Any CPU
		{EEC551AB-27F5-4502-A62F-90A38C7332FE}.Release|iPhone.ActiveCfg = Release|Any CPU
		{EEC551AB-27F5-4502-A62F-90A38C7332FE}.Release|iPhone.Build.0 = Release|Any CPU
		{EEC551AB-27F5-4502-A62F-90A38C7332FE}.Release|iPhoneSimulator.ActiveCfg = Release|Any CPU
		{EEC551AB-27F5-4502-A62F-90A38C7332FE}.Release|iPhoneSimulator.Build.0 = Release|Any CPU
		{AF97777A-7A75-4ADB-9E17-A52739030915}.Ad-Hoc|Any CPU.ActiveCfg = Release|Any CPU
		{AF97777A-7A75-4ADB-9E17-A52739030915}.Ad-Hoc|Any CPU.Build.0 = Release|Any CPU
		{AF97777A-7A75-4ADB-9E17-A52739030915}.Ad-Hoc|Any CPU.Deploy.0 = Release|Any CPU
		{AF97777A-7A75-4ADB-9E17-A52739030915}.Ad-Hoc|iPhone.ActiveCfg = Release|Any CPU
		{AF97777A-7A75-4ADB-9E17-A52739030915}.Ad-Hoc|iPhone.Build.0 = Release|Any CPU
		{AF97777A-7A75-4ADB-9E17-A52739030915}.Ad-Hoc|iPhone.Deploy.0 = Release|Any CPU
		{AF97777A-7A75-4ADB-9E17-A52739030915}.Ad-Hoc|iPhoneSimulator.ActiveCfg = Release|Any CPU
		{AF97777A-7A75-4ADB-9E17-A52739030915}.Ad-Hoc|iPhoneSimulator.Build.0 = Release|Any CPU
		{AF97777A-7A75-4ADB-9E17-A52739030915}.Ad-Hoc|iPhoneSimulator.Deploy.0 = Release|Any CPU
		{AF97777A-7A75-4ADB-9E17-A52739030915}.AppStore|Any CPU.ActiveCfg = Release|Any CPU
		{AF97777A-7A75-4ADB-9E17-A52739030915}.AppStore|Any CPU.Build.0 = Release|Any CPU
		{AF97777A-7A75-4ADB-9E17-A52739030915}.AppStore|Any CPU.Deploy.0 = Release|Any CPU
		{AF97777A-7A75-4ADB-9E17-A52739030915}.AppStore|iPhone.ActiveCfg = Release|Any CPU
		{AF97777A-7A75-4ADB-9E17-A52739030915}.AppStore|iPhone.Build.0 = Release|Any CPU
		{AF97777A-7A75-4ADB-9E17-A52739030915}.AppStore|iPhone.Deploy.0 = Release|Any CPU
		{AF97777A-7A75-4ADB-9E17-A52739030915}.AppStore|iPhoneSimulator.ActiveCfg = Release|Any CPU
		{AF97777A-7A75-4ADB-9E17-A52739030915}.AppStore|iPhoneSimulator.Build.0 = Release|Any CPU
		{AF97777A-7A75-4ADB-9E17-A52739030915}.AppStore|iPhoneSimulator.Deploy.0 = Release|Any CPU
		{AF97777A-7A75-4ADB-9E17-A52739030915}.Debug|Any CPU.ActiveCfg = Debug|Any CPU
		{AF97777A-7A75-4ADB-9E17-A52739030915}.Debug|Any CPU.Build.0 = Debug|Any CPU
		{AF97777A-7A75-4ADB-9E17-A52739030915}.Debug|Any CPU.Deploy.0 = Debug|Any CPU
		{AF97777A-7A75-4ADB-9E17-A52739030915}.Debug|iPhone.ActiveCfg = Debug|Any CPU
		{AF97777A-7A75-4ADB-9E17-A52739030915}.Debug|iPhone.Build.0 = Debug|Any CPU
		{AF97777A-7A75-4ADB-9E17-A52739030915}.Debug|iPhone.Deploy.0 = Debug|Any CPU
		{AF97777A-7A75-4ADB-9E17-A52739030915}.Debug|iPhoneSimulator.ActiveCfg = Debug|Any CPU
		{AF97777A-7A75-4ADB-9E17-A52739030915}.Debug|iPhoneSimulator.Build.0 = Debug|Any CPU
		{AF97777A-7A75-4ADB-9E17-A52739030915}.Debug|iPhoneSimulator.Deploy.0 = Debug|Any CPU
		{AF97777A-7A75-4ADB-9E17-A52739030915}.Release|Any CPU.ActiveCfg = Release|Any CPU
		{AF97777A-7A75-4ADB-9E17-A52739030915}.Release|Any CPU.Build.0 = Release|Any CPU
		{AF97777A-7A75-4ADB-9E17-A52739030915}.Release|Any CPU.Deploy.0 = Release|Any CPU
		{AF97777A-7A75-4ADB-9E17-A52739030915}.Release|iPhone.ActiveCfg = Release|Any CPU
		{AF97777A-7A75-4ADB-9E17-A52739030915}.Release|iPhone.Build.0 = Release|Any CPU
		{AF97777A-7A75-4ADB-9E17-A52739030915}.Release|iPhone.Deploy.0 = Release|Any CPU
		{AF97777A-7A75-4ADB-9E17-A52739030915}.Release|iPhoneSimulator.ActiveCfg = Release|Any CPU
		{AF97777A-7A75-4ADB-9E17-A52739030915}.Release|iPhoneSimulator.Build.0 = Release|Any CPU
		{AF97777A-7A75-4ADB-9E17-A52739030915}.Release|iPhoneSimulator.Deploy.0 = Release|Any CPU
		{C7949A4A-7FD4-4F88-A65C-DC7A1D644B67}.Ad-Hoc|Any CPU.ActiveCfg = Ad-Hoc|iPhone
		{C7949A4A-7FD4-4F88-A65C-DC7A1D644B67}.Ad-Hoc|iPhone.ActiveCfg = Ad-Hoc|iPhone
		{C7949A4A-7FD4-4F88-A65C-DC7A1D644B67}.Ad-Hoc|iPhone.Build.0 = Ad-Hoc|iPhone
		{C7949A4A-7FD4-4F88-A65C-DC7A1D644B67}.Ad-Hoc|iPhoneSimulator.ActiveCfg = Ad-Hoc|iPhoneSimulator
		{C7949A4A-7FD4-4F88-A65C-DC7A1D644B67}.Ad-Hoc|iPhoneSimulator.Build.0 = Ad-Hoc|iPhoneSimulator
		{C7949A4A-7FD4-4F88-A65C-DC7A1D644B67}.AppStore|Any CPU.ActiveCfg = AppStore|iPhone
		{C7949A4A-7FD4-4F88-A65C-DC7A1D644B67}.AppStore|iPhone.ActiveCfg = AppStore|iPhone
		{C7949A4A-7FD4-4F88-A65C-DC7A1D644B67}.AppStore|iPhone.Build.0 = AppStore|iPhone
		{C7949A4A-7FD4-4F88-A65C-DC7A1D644B67}.AppStore|iPhoneSimulator.ActiveCfg = AppStore|iPhoneSimulator
		{C7949A4A-7FD4-4F88-A65C-DC7A1D644B67}.AppStore|iPhoneSimulator.Build.0 = AppStore|iPhoneSimulator
		{C7949A4A-7FD4-4F88-A65C-DC7A1D644B67}.Debug|Any CPU.ActiveCfg = Debug|iPhone
		{C7949A4A-7FD4-4F88-A65C-DC7A1D644B67}.Debug|iPhone.ActiveCfg = Debug|iPhone
		{C7949A4A-7FD4-4F88-A65C-DC7A1D644B67}.Debug|iPhone.Build.0 = Debug|iPhone
		{C7949A4A-7FD4-4F88-A65C-DC7A1D644B67}.Debug|iPhoneSimulator.ActiveCfg = Debug|iPhoneSimulator
		{C7949A4A-7FD4-4F88-A65C-DC7A1D644B67}.Debug|iPhoneSimulator.Build.0 = Debug|iPhoneSimulator
		{C7949A4A-7FD4-4F88-A65C-DC7A1D644B67}.Release|Any CPU.ActiveCfg = Release|iPhone
		{C7949A4A-7FD4-4F88-A65C-DC7A1D644B67}.Release|iPhone.ActiveCfg = Release|iPhone
		{C7949A4A-7FD4-4F88-A65C-DC7A1D644B67}.Release|iPhone.Build.0 = Release|iPhone
		{C7949A4A-7FD4-4F88-A65C-DC7A1D644B67}.Release|iPhoneSimulator.ActiveCfg = Release|iPhoneSimulator
		{C7949A4A-7FD4-4F88-A65C-DC7A1D644B67}.Release|iPhoneSimulator.Build.0 = Release|iPhoneSimulator
		{16CEF33E-0B6A-4329-8F72-8BE88008E3AB}.Ad-Hoc|Any CPU.ActiveCfg = Release|Any CPU
		{16CEF33E-0B6A-4329-8F72-8BE88008E3AB}.Ad-Hoc|Any CPU.Build.0 = Release|Any CPU
		{16CEF33E-0B6A-4329-8F72-8BE88008E3AB}.Ad-Hoc|iPhone.ActiveCfg = Release|Any CPU
		{16CEF33E-0B6A-4329-8F72-8BE88008E3AB}.Ad-Hoc|iPhone.Build.0 = Release|Any CPU
		{16CEF33E-0B6A-4329-8F72-8BE88008E3AB}.Ad-Hoc|iPhoneSimulator.ActiveCfg = Release|Any CPU
		{16CEF33E-0B6A-4329-8F72-8BE88008E3AB}.Ad-Hoc|iPhoneSimulator.Build.0 = Release|Any CPU
		{16CEF33E-0B6A-4329-8F72-8BE88008E3AB}.AppStore|Any CPU.ActiveCfg = Release|Any CPU
		{16CEF33E-0B6A-4329-8F72-8BE88008E3AB}.AppStore|Any CPU.Build.0 = Release|Any CPU
		{16CEF33E-0B6A-4329-8F72-8BE88008E3AB}.AppStore|iPhone.ActiveCfg = Release|Any CPU
		{16CEF33E-0B6A-4329-8F72-8BE88008E3AB}.AppStore|iPhone.Build.0 = Release|Any CPU
		{16CEF33E-0B6A-4329-8F72-8BE88008E3AB}.AppStore|iPhoneSimulator.ActiveCfg = Release|Any CPU
		{16CEF33E-0B6A-4329-8F72-8BE88008E3AB}.AppStore|iPhoneSimulator.Build.0 = Release|Any CPU
		{16CEF33E-0B6A-4329-8F72-8BE88008E3AB}.Debug|Any CPU.ActiveCfg = Debug|Any CPU
		{16CEF33E-0B6A-4329-8F72-8BE88008E3AB}.Debug|Any CPU.Build.0 = Debug|Any CPU
		{16CEF33E-0B6A-4329-8F72-8BE88008E3AB}.Debug|iPhone.ActiveCfg = Debug|Any CPU
		{16CEF33E-0B6A-4329-8F72-8BE88008E3AB}.Debug|iPhone.Build.0 = Debug|Any CPU
		{16CEF33E-0B6A-4329-8F72-8BE88008E3AB}.Debug|iPhoneSimulator.ActiveCfg = Debug|Any CPU
		{16CEF33E-0B6A-4329-8F72-8BE88008E3AB}.Debug|iPhoneSimulator.Build.0 = Debug|Any CPU
		{16CEF33E-0B6A-4329-8F72-8BE88008E3AB}.Release|Any CPU.ActiveCfg = Release|Any CPU
		{16CEF33E-0B6A-4329-8F72-8BE88008E3AB}.Release|Any CPU.Build.0 = Release|Any CPU
		{16CEF33E-0B6A-4329-8F72-8BE88008E3AB}.Release|iPhone.ActiveCfg = Release|Any CPU
		{16CEF33E-0B6A-4329-8F72-8BE88008E3AB}.Release|iPhone.Build.0 = Release|Any CPU
		{16CEF33E-0B6A-4329-8F72-8BE88008E3AB}.Release|iPhoneSimulator.ActiveCfg = Release|Any CPU
		{16CEF33E-0B6A-4329-8F72-8BE88008E3AB}.Release|iPhoneSimulator.Build.0 = Release|Any CPU
		{FBA09F5B-DF1B-406C-BB9C-D32FD8EE2E21}.Ad-Hoc|Any CPU.ActiveCfg = Release|Any CPU
		{FBA09F5B-DF1B-406C-BB9C-D32FD8EE2E21}.Ad-Hoc|Any CPU.Build.0 = Release|Any CPU
		{FBA09F5B-DF1B-406C-BB9C-D32FD8EE2E21}.Ad-Hoc|iPhone.ActiveCfg = Release|Any CPU
		{FBA09F5B-DF1B-406C-BB9C-D32FD8EE2E21}.Ad-Hoc|iPhone.Build.0 = Release|Any CPU
		{FBA09F5B-DF1B-406C-BB9C-D32FD8EE2E21}.Ad-Hoc|iPhoneSimulator.ActiveCfg = Release|Any CPU
		{FBA09F5B-DF1B-406C-BB9C-D32FD8EE2E21}.Ad-Hoc|iPhoneSimulator.Build.0 = Release|Any CPU
		{FBA09F5B-DF1B-406C-BB9C-D32FD8EE2E21}.AppStore|Any CPU.ActiveCfg = Release|Any CPU
		{FBA09F5B-DF1B-406C-BB9C-D32FD8EE2E21}.AppStore|Any CPU.Build.0 = Release|Any CPU
		{FBA09F5B-DF1B-406C-BB9C-D32FD8EE2E21}.AppStore|iPhone.ActiveCfg = Release|Any CPU
		{FBA09F5B-DF1B-406C-BB9C-D32FD8EE2E21}.AppStore|iPhone.Build.0 = Release|Any CPU
		{FBA09F5B-DF1B-406C-BB9C-D32FD8EE2E21}.AppStore|iPhoneSimulator.ActiveCfg = Release|Any CPU
		{FBA09F5B-DF1B-406C-BB9C-D32FD8EE2E21}.AppStore|iPhoneSimulator.Build.0 = Release|Any CPU
		{FBA09F5B-DF1B-406C-BB9C-D32FD8EE2E21}.Debug|Any CPU.ActiveCfg = Debug|Any CPU
		{FBA09F5B-DF1B-406C-BB9C-D32FD8EE2E21}.Debug|Any CPU.Build.0 = Debug|Any CPU
		{FBA09F5B-DF1B-406C-BB9C-D32FD8EE2E21}.Debug|iPhone.ActiveCfg = Debug|Any CPU
		{FBA09F5B-DF1B-406C-BB9C-D32FD8EE2E21}.Debug|iPhone.Build.0 = Debug|Any CPU
		{FBA09F5B-DF1B-406C-BB9C-D32FD8EE2E21}.Debug|iPhoneSimulator.ActiveCfg = Debug|Any CPU
		{FBA09F5B-DF1B-406C-BB9C-D32FD8EE2E21}.Debug|iPhoneSimulator.Build.0 = Debug|Any CPU
		{FBA09F5B-DF1B-406C-BB9C-D32FD8EE2E21}.Release|Any CPU.ActiveCfg = Release|Any CPU
		{FBA09F5B-DF1B-406C-BB9C-D32FD8EE2E21}.Release|Any CPU.Build.0 = Release|Any CPU
		{FBA09F5B-DF1B-406C-BB9C-D32FD8EE2E21}.Release|iPhone.ActiveCfg = Release|Any CPU
		{FBA09F5B-DF1B-406C-BB9C-D32FD8EE2E21}.Release|iPhone.Build.0 = Release|Any CPU
		{FBA09F5B-DF1B-406C-BB9C-D32FD8EE2E21}.Release|iPhoneSimulator.ActiveCfg = Release|Any CPU
		{FBA09F5B-DF1B-406C-BB9C-D32FD8EE2E21}.Release|iPhoneSimulator.Build.0 = Release|Any CPU
		{2FD1818D-0F85-4FA1-A4FF-4397E07C7F69}.Ad-Hoc|Any CPU.ActiveCfg = Release|Any CPU
		{2FD1818D-0F85-4FA1-A4FF-4397E07C7F69}.Ad-Hoc|Any CPU.Build.0 = Release|Any CPU
		{2FD1818D-0F85-4FA1-A4FF-4397E07C7F69}.Ad-Hoc|iPhone.ActiveCfg = Release|Any CPU
		{2FD1818D-0F85-4FA1-A4FF-4397E07C7F69}.Ad-Hoc|iPhone.Build.0 = Release|Any CPU
		{2FD1818D-0F85-4FA1-A4FF-4397E07C7F69}.Ad-Hoc|iPhoneSimulator.ActiveCfg = Release|Any CPU
		{2FD1818D-0F85-4FA1-A4FF-4397E07C7F69}.Ad-Hoc|iPhoneSimulator.Build.0 = Release|Any CPU
		{2FD1818D-0F85-4FA1-A4FF-4397E07C7F69}.AppStore|Any CPU.ActiveCfg = Release|Any CPU
		{2FD1818D-0F85-4FA1-A4FF-4397E07C7F69}.AppStore|Any CPU.Build.0 = Release|Any CPU
		{2FD1818D-0F85-4FA1-A4FF-4397E07C7F69}.AppStore|iPhone.ActiveCfg = Release|Any CPU
		{2FD1818D-0F85-4FA1-A4FF-4397E07C7F69}.AppStore|iPhone.Build.0 = Release|Any CPU
		{2FD1818D-0F85-4FA1-A4FF-4397E07C7F69}.AppStore|iPhoneSimulator.ActiveCfg = Release|Any CPU
		{2FD1818D-0F85-4FA1-A4FF-4397E07C7F69}.AppStore|iPhoneSimulator.Build.0 = Release|Any CPU
		{2FD1818D-0F85-4FA1-A4FF-4397E07C7F69}.Debug|Any CPU.ActiveCfg = Debug|Any CPU
		{2FD1818D-0F85-4FA1-A4FF-4397E07C7F69}.Debug|Any CPU.Build.0 = Debug|Any CPU
		{2FD1818D-0F85-4FA1-A4FF-4397E07C7F69}.Debug|iPhone.ActiveCfg = Debug|Any CPU
		{2FD1818D-0F85-4FA1-A4FF-4397E07C7F69}.Debug|iPhone.Build.0 = Debug|Any CPU
		{2FD1818D-0F85-4FA1-A4FF-4397E07C7F69}.Debug|iPhoneSimulator.ActiveCfg = Debug|Any CPU
		{2FD1818D-0F85-4FA1-A4FF-4397E07C7F69}.Debug|iPhoneSimulator.Build.0 = Debug|Any CPU
		{2FD1818D-0F85-4FA1-A4FF-4397E07C7F69}.Release|Any CPU.ActiveCfg = Release|Any CPU
		{2FD1818D-0F85-4FA1-A4FF-4397E07C7F69}.Release|Any CPU.Build.0 = Release|Any CPU
		{2FD1818D-0F85-4FA1-A4FF-4397E07C7F69}.Release|iPhone.ActiveCfg = Release|Any CPU
		{2FD1818D-0F85-4FA1-A4FF-4397E07C7F69}.Release|iPhone.Build.0 = Release|Any CPU
		{2FD1818D-0F85-4FA1-A4FF-4397E07C7F69}.Release|iPhoneSimulator.ActiveCfg = Release|Any CPU
		{2FD1818D-0F85-4FA1-A4FF-4397E07C7F69}.Release|iPhoneSimulator.Build.0 = Release|Any CPU
		{CF4F62C5-2CA9-497F-944E-3393430B1F83}.Ad-Hoc|Any CPU.ActiveCfg = Release|Any CPU
		{CF4F62C5-2CA9-497F-944E-3393430B1F83}.Ad-Hoc|Any CPU.Build.0 = Release|Any CPU
		{CF4F62C5-2CA9-497F-944E-3393430B1F83}.Ad-Hoc|iPhone.ActiveCfg = Release|Any CPU
		{CF4F62C5-2CA9-497F-944E-3393430B1F83}.Ad-Hoc|iPhone.Build.0 = Release|Any CPU
		{CF4F62C5-2CA9-497F-944E-3393430B1F83}.Ad-Hoc|iPhoneSimulator.ActiveCfg = Release|Any CPU
		{CF4F62C5-2CA9-497F-944E-3393430B1F83}.Ad-Hoc|iPhoneSimulator.Build.0 = Release|Any CPU
		{CF4F62C5-2CA9-497F-944E-3393430B1F83}.AppStore|Any CPU.ActiveCfg = Release|Any CPU
		{CF4F62C5-2CA9-497F-944E-3393430B1F83}.AppStore|Any CPU.Build.0 = Release|Any CPU
		{CF4F62C5-2CA9-497F-944E-3393430B1F83}.AppStore|iPhone.ActiveCfg = Release|Any CPU
		{CF4F62C5-2CA9-497F-944E-3393430B1F83}.AppStore|iPhone.Build.0 = Release|Any CPU
		{CF4F62C5-2CA9-497F-944E-3393430B1F83}.AppStore|iPhoneSimulator.ActiveCfg = Release|Any CPU
		{CF4F62C5-2CA9-497F-944E-3393430B1F83}.AppStore|iPhoneSimulator.Build.0 = Release|Any CPU
		{CF4F62C5-2CA9-497F-944E-3393430B1F83}.Debug|Any CPU.ActiveCfg = Debug|Any CPU
		{CF4F62C5-2CA9-497F-944E-3393430B1F83}.Debug|Any CPU.Build.0 = Debug|Any CPU
		{CF4F62C5-2CA9-497F-944E-3393430B1F83}.Debug|iPhone.ActiveCfg = Debug|Any CPU
		{CF4F62C5-2CA9-497F-944E-3393430B1F83}.Debug|iPhone.Build.0 = Debug|Any CPU
		{CF4F62C5-2CA9-497F-944E-3393430B1F83}.Debug|iPhoneSimulator.ActiveCfg = Debug|Any CPU
		{CF4F62C5-2CA9-497F-944E-3393430B1F83}.Debug|iPhoneSimulator.Build.0 = Debug|Any CPU
		{CF4F62C5-2CA9-497F-944E-3393430B1F83}.Release|Any CPU.ActiveCfg = Release|Any CPU
		{CF4F62C5-2CA9-497F-944E-3393430B1F83}.Release|Any CPU.Build.0 = Release|Any CPU
		{CF4F62C5-2CA9-497F-944E-3393430B1F83}.Release|iPhone.ActiveCfg = Release|Any CPU
		{CF4F62C5-2CA9-497F-944E-3393430B1F83}.Release|iPhone.Build.0 = Release|Any CPU
		{CF4F62C5-2CA9-497F-944E-3393430B1F83}.Release|iPhoneSimulator.ActiveCfg = Release|Any CPU
		{CF4F62C5-2CA9-497F-944E-3393430B1F83}.Release|iPhoneSimulator.Build.0 = Release|Any CPU
	EndGlobalSection
	GlobalSection(SolutionProperties) = preSolution
		HideSolutionNode = FALSE
	EndGlobalSection
	GlobalSection(ExtensibilityGlobals) = postSolution
		SolutionGuid = {20DEFB44-5ED1-468C-9669-B82D6A73D31D}
	EndGlobalSection
EndGlobal
